{
  "name": "SvelteKit-Template",
  "lockfileVersion": 3,
  "requires": true,
  "packages": {
    "": {
      "devDependencies": {
        "@types/html-minifier": "^4.0.2",
        "@types/node": "^18.14.0"
      }
    },
    "node_modules/@types/clean-css": {
      "version": "4.2.6",
      "resolved": "https://registry.npmjs.org/@types/clean-css/-/clean-css-4.2.6.tgz",
      "integrity": "sha512-Ze1tf+LnGPmG6hBFMi0B4TEB0mhF7EiMM5oyjLDNPE9hxrPU0W+5+bHvO+eFPA+bt0iC1zkQMoU/iGdRVjcRbw==",
      "dev": true,
      "dependencies": {
        "@types/node": "*",
        "source-map": "^0.6.0"
      }
    },
    "node_modules/@types/html-minifier": {
      "version": "4.0.2",
      "resolved": "https://registry.npmjs.org/@types/html-minifier/-/html-minifier-4.0.2.tgz",
      "integrity": "sha512-4IkmkXJP/25R2fZsCHDX2abztXuQRzUAZq39PfCMz2loLFj8vS9y7aF6vDl58koXSTpsF+eL4Lc5Y4Aww/GCTQ==",
      "dev": true,
      "dependencies": {
        "@types/clean-css": "*",
        "@types/relateurl": "*",
        "@types/uglify-js": "*"
      }
    },
    "node_modules/@types/node": {
      "version": "18.14.0",
      "resolved": "https://registry.npmjs.org/@types/node/-/node-18.14.0.tgz",
      "integrity": "sha512-5EWrvLmglK+imbCJY0+INViFWUHg1AHel1sq4ZVSfdcNqGy9Edv3UB9IIzzg+xPaUcAgZYcfVs2fBcwDeZzU0A==",
      "dev": true
    },
    "node_modules/@types/relateurl": {
      "version": "0.2.29",
      "resolved": "https://registry.npmjs.org/@types/relateurl/-/relateurl-0.2.29.tgz",
      "integrity": "sha512-QSvevZ+IRww2ldtfv1QskYsqVVVwCKQf1XbwtcyyoRvLIQzfyPhj/C+3+PKzSDRdiyejaiLgnq//XTkleorpLg==",
      "dev": true
    },
    "node_modules/@types/uglify-js": {
      "version": "3.17.1",
      "resolved": "https://registry.npmjs.org/@types/uglify-js/-/uglify-js-3.17.1.tgz",
      "integrity": "sha512-GkewRA4i5oXacU/n4MA9+bLgt5/L3F1mKrYvFGm7r2ouLXhRKjuWwo9XHNnbx6WF3vlGW21S3fCvgqxvxXXc5g==",
      "dev": true,
      "dependencies": {
        "source-map": "^0.6.1"
      }
    },
    "node_modules/source-map": {
      "version": "0.6.1",
      "resolved": "https://registry.npmjs.org/source-map/-/source-map-0.6.1.tgz",
      "integrity": "sha512-UjgapumWlbMhkBgzT7Ykc5YXUT46F0iKu8SGXq0bcwP5dz/h0Plj6enJqjz1Zbq2l5WaqYnrVbwWOWMyF3F47g==",
      "dev": true,
      "engines": {
        "node": ">=0.10.0"
      }
    }
  }
}
